// !$*UTF8*$!
{
	archiveVersion = 1;
	classes = {
	};
	objectVersion = 51;
	objects = {

/* Begin PBXBuildFile section */
		67A7E7A8231905930062299E /* AppDelegate.m in Sources */ = {isa = PBXBuildFile; fileRef = 67A7E7A7231905930062299E /* AppDelegate.m */; };
		67A7E7AB231905930062299E /* ViewController.m in Sources */ = {isa = PBXBuildFile; fileRef = 67A7E7AA231905930062299E /* ViewController.m */; };
		67A7E7AE231905930062299E /* Main.storyboard in Resources */ = {isa = PBXBuildFile; fileRef = 67A7E7AC231905930062299E /* Main.storyboard */; };
		67A7E7B0231905970062299E /* Assets.xcassets in Resources */ = {isa = PBXBuildFile; fileRef = 67A7E7AF231905970062299E /* Assets.xcassets */; };
		67A7E7B3231905970062299E /* LaunchScreen.storyboard in Resources */ = {isa = PBXBuildFile; fileRef = 67A7E7B1231905970062299E /* LaunchScreen.storyboard */; };
		67A7E7B6231905970062299E /* main.m in Sources */ = {isa = PBXBuildFile; fileRef = 67A7E7B5231905970062299E /* main.m */; };
		67A7E7C0231905970062299E /* TDDDemoTests.m in Sources */ = {isa = PBXBuildFile; fileRef = 67A7E7BF231905970062299E /* TDDDemoTests.m */; };
		67A7E7CB231905970062299E /* TDDDemoUITests.m in Sources */ = {isa = PBXBuildFile; fileRef = 67A7E7CA231905970062299E /* TDDDemoUITests.m */; };
		67A7E7DB231908760062299E /* VVStack.m in Sources */ = {isa = PBXBuildFile; fileRef = 67A7E7DA231908760062299E /* VVStack.m */; };
		67A7E7DD231914220062299E /* VVStackTests.m in Sources */ = {isa = PBXBuildFile; fileRef = 67A7E7DC231914220062299E /* VVStackTests.m */; };
		AE81B19DAF0E3D30E62BD9FB /* Pods_TDDDemoTests.framework in Frameworks */ = {isa = PBXBuildFile; fileRef = 69C07EA96EAE018BCE7DA94D /* Pods_TDDDemoTests.framework */; };
		BC76C4FE44C7279BE52D44F1 /* Pods_TDDDemo.framework in Frameworks */ = {isa = PBXBuildFile; fileRef = 9B51780653468E8BA6D1E896 /* Pods_TDDDemo.framework */; };
		EFDA5248AF367CAAAFAB84EE /* Pods_TDDDemoUITests.framework in Frameworks */ = {isa = PBXBuildFile; fileRef = 36356551A6E30C3BB97202B9 /* Pods_TDDDemoUITests.framework */; };
/* End PBXBuildFile section */

/* Begin PBXContainerItemProxy section */
		67A7E7BC231905970062299E /* PBXContainerItemProxy */ = {
			isa = PBXContainerItemProxy;
			containerPortal = 67A7E79B231905930062299E /* Project object */;
			proxyType = 1;
			remoteGlobalIDString = 67A7E7A2231905930062299E;
			remoteInfo = TDDDemo;
		};
		67A7E7C7231905970062299E /* PBXContainerItemProxy */ = {
			isa = PBXContainerItemProxy;
			containerPortal = 67A7E79B231905930062299E /* Project object */;
			proxyType = 1;
			remoteGlobalIDString = 67A7E7A2231905930062299E;
			remoteInfo = TDDDemo;
		};
/* End PBXContainerItemProxy section */

/* Begin PBXFileReference section */
		1C3AD8150F6C85727686593F /* Pods-TDDDemoUITests.release.xcconfig */ = {isa = PBXFileReference; includeInIndex = 1; lastKnownFileType = text.xcconfig; name = "Pods-TDDDemoUITests.release.xcconfig"; path = "Target Support Files/Pods-TDDDemoUITests/Pods-TDDDemoUITests.release.xcconfig"; sourceTree = "<group>"; };
		1FA952832E2855D155885B7A /* Pods-TDDDemoTests.debug.xcconfig */ = {isa = PBXFileReference; includeInIndex = 1; lastKnownFileType = text.xcconfig; name = "Pods-TDDDemoTests.debug.xcconfig"; path = "Target Support Files/Pods-TDDDemoTests/Pods-TDDDemoTests.debug.xcconfig"; sourceTree = "<group>"; };
		36356551A6E30C3BB97202B9 /* Pods_TDDDemoUITests.framework */ = {isa = PBXFileReference; explicitFileType = wrapper.framework; includeInIndex = 0; path = Pods_TDDDemoUITests.framework; sourceTree = BUILT_PRODUCTS_DIR; };
		3DE938AE7085E9DA2ABDA1AC /* Pods-TDDDemoTests.release.xcconfig */ = {isa = PBXFileReference; includeInIndex = 1; lastKnownFileType = text.xcconfig; name = "Pods-TDDDemoTests.release.xcconfig"; path = "Target Support Files/Pods-TDDDemoTests/Pods-TDDDemoTests.release.xcconfig"; sourceTree = "<group>"; };
		67A7E7A3231905930062299E /* TDDDemo.app */ = {isa = PBXFileReference; explicitFileType = wrapper.application; includeInIndex = 0; path = TDDDemo.app; sourceTree = BUILT_PRODUCTS_DIR; };
		67A7E7A6231905930062299E /* AppDelegate.h */ = {isa = PBXFileReference; lastKnownFileType = sourcecode.c.h; path = AppDelegate.h; sourceTree = "<group>"; };
		67A7E7A7231905930062299E /* AppDelegate.m */ = {isa = PBXFileReference; lastKnownFileType = sourcecode.c.objc; path = AppDelegate.m; sourceTree = "<group>"; };
		67A7E7A9231905930062299E /* ViewController.h */ = {isa = PBXFileReference; lastKnownFileType = sourcecode.c.h; path = ViewController.h; sourceTree = "<group>"; };
		67A7E7AA231905930062299E /* ViewController.m */ = {isa = PBXFileReference; lastKnownFileType = sourcecode.c.objc; path = ViewController.m; sourceTree = "<group>"; };
		67A7E7AD231905930062299E /* Base */ = {isa = PBXFileReference; lastKnownFileType = file.storyboard; name = Base; path = Base.lproj/Main.storyboard; sourceTree = "<group>"; };
		67A7E7AF231905970062299E /* Assets.xcassets */ = {isa = PBXFileReference; lastKnownFileType = folder.assetcatalog; path = Assets.xcassets; sourceTree = "<group>"; };
		67A7E7B2231905970062299E /* Base */ = {isa = PBXFileReference; lastKnownFileType = file.storyboard; name = Base; path = Base.lproj/LaunchScreen.storyboard; sourceTree = "<group>"; };
		67A7E7B4231905970062299E /* Info.plist */ = {isa = PBXFileReference; lastKnownFileType = text.plist.xml; path = Info.plist; sourceTree = "<group>"; };
		67A7E7B5231905970062299E /* main.m */ = {isa = PBXFileReference; lastKnownFileType = sourcecode.c.objc; path = main.m; sourceTree = "<group>"; };
		67A7E7BB231905970062299E /* TDDDemoTests.xctest */ = {isa = PBXFileReference; explicitFileType = wrapper.cfbundle; includeInIndex = 0; path = TDDDemoTests.xctest; sourceTree = BUILT_PRODUCTS_DIR; };
		67A7E7BF231905970062299E /* TDDDemoTests.m */ = {isa = PBXFileReference; lastKnownFileType = sourcecode.c.objc; path = TDDDemoTests.m; sourceTree = "<group>"; };
		67A7E7C1231905970062299E /* Info.plist */ = {isa = PBXFileReference; lastKnownFileType = text.plist.xml; path = Info.plist; sourceTree = "<group>"; };
		67A7E7C6231905970062299E /* TDDDemoUITests.xctest */ = {isa = PBXFileReference; explicitFileType = wrapper.cfbundle; includeInIndex = 0; path = TDDDemoUITests.xctest; sourceTree = BUILT_PRODUCTS_DIR; };
		67A7E7CA231905970062299E /* TDDDemoUITests.m */ = {isa = PBXFileReference; lastKnownFileType = sourcecode.c.objc; path = TDDDemoUITests.m; sourceTree = "<group>"; };
		67A7E7CC231905970062299E /* Info.plist */ = {isa = PBXFileReference; lastKnownFileType = text.plist.xml; path = Info.plist; sourceTree = "<group>"; };
		67A7E7D9231908760062299E /* VVStack.h */ = {isa = PBXFileReference; lastKnownFileType = sourcecode.c.h; path = VVStack.h; sourceTree = "<group>"; };
		67A7E7DA231908760062299E /* VVStack.m */ = {isa = PBXFileReference; lastKnownFileType = sourcecode.c.objc; path = VVStack.m; sourceTree = "<group>"; };
		67A7E7DC231914220062299E /* VVStackTests.m */ = {isa = PBXFileReference; lastKnownFileType = sourcecode.c.objc; path = VVStackTests.m; sourceTree = "<group>"; };
		69C07EA96EAE018BCE7DA94D /* Pods_TDDDemoTests.framework */ = {isa = PBXFileReference; explicitFileType = wrapper.framework; includeInIndex = 0; path = Pods_TDDDemoTests.framework; sourceTree = BUILT_PRODUCTS_DIR; };
		71633E1A5EF80AF3ABACBA39 /* Pods-TDDDemo.release.xcconfig */ = {isa = PBXFileReference; includeInIndex = 1; lastKnownFileType = text.xcconfig; name = "Pods-TDDDemo.release.xcconfig"; path = "Target Support Files/Pods-TDDDemo/Pods-TDDDemo.release.xcconfig"; sourceTree = "<group>"; };
		8AFA6E0E26485C98F20F270E /* Pods-TDDDemo.debug.xcconfig */ = {isa = PBXFileReference; includeInIndex = 1; lastKnownFileType = text.xcconfig; name = "Pods-TDDDemo.debug.xcconfig"; path = "Target Support Files/Pods-TDDDemo/Pods-TDDDemo.debug.xcconfig"; sourceTree = "<group>"; };
		9B51780653468E8BA6D1E896 /* Pods_TDDDemo.framework */ = {isa = PBXFileReference; explicitFileType = wrapper.framework; includeInIndex = 0; path = Pods_TDDDemo.framework; sourceTree = BUILT_PRODUCTS_DIR; };
		E9C1B451870F436D49E066F2 /* Pods-TDDDemoUITests.debug.xcconfig */ = {isa = PBXFileReference; includeInIndex = 1; lastKnownFileType = text.xcconfig; name = "Pods-TDDDemoUITests.debug.xcconfig"; path = "Target Support Files/Pods-TDDDemoUITests/Pods-TDDDemoUITests.debug.xcconfig"; sourceTree = "<group>"; };
/* End PBXFileReference section */

/* Begin PBXFrameworksBuildPhase section */
		67A7E7A0231905930062299E /* Frameworks */ = {
			isa = PBXFrameworksBuildPhase;
			buildActionMask = 2147483647;
			files = (
				BC76C4FE44C7279BE52D44F1 /* Pods_TDDDemo.framework in Frameworks */,
			);
			runOnlyForDeploymentPostprocessing = 0;
		};
		67A7E7B8231905970062299E /* Frameworks */ = {
			isa = PBXFrameworksBuildPhase;
			buildActionMask = 2147483647;
			files = (
				AE81B19DAF0E3D30E62BD9FB /* Pods_TDDDemoTests.framework in Frameworks */,
			);
			runOnlyForDeploymentPostprocessing = 0;
		};
		67A7E7C3231905970062299E /* Frameworks */ = {
			isa = PBXFrameworksBuildPhase;
			buildActionMask = 2147483647;
			files = (
				EFDA5248AF367CAAAFAB84EE /* Pods_TDDDemoUITests.framework in Frameworks */,
			);
			runOnlyForDeploymentPostprocessing = 0;
		};
/* End PBXFrameworksBuildPhase section */

/* Begin PBXGroup section */
		67A7E79A231905930062299E = {
			isa = PBXGroup;
			children = (
				67A7E7A5231905930062299E /* TDDDemo */,
				67A7E7BE231905970062299E /* TDDDemoTests */,
				67A7E7C9231905970062299E /* TDDDemoUITests */,
				67A7E7A4231905930062299E /* Products */,
				EFC2A77CC3AF5E3E33CABE5F /* Pods */,
				A9CCB699BB42D8FE53A3498C /* Frameworks */,
			);
			sourceTree = "<group>";
		};
		67A7E7A4231905930062299E /* Products */ = {
			isa = PBXGroup;
			children = (
				67A7E7A3231905930062299E /* TDDDemo.app */,
				67A7E7BB231905970062299E /* TDDDemoTests.xctest */,
				67A7E7C6231905970062299E /* TDDDemoUITests.xctest */,
			);
			name = Products;
			sourceTree = "<group>";
		};
		67A7E7A5231905930062299E /* TDDDemo */ = {
			isa = PBXGroup;
			children = (
				67A7E7D8231908690062299E /* Model */,
				67A7E7A6231905930062299E /* AppDelegate.h */,
				67A7E7A7231905930062299E /* AppDelegate.m */,
				67A7E7A9231905930062299E /* ViewController.h */,
				67A7E7AA231905930062299E /* ViewController.m */,
				67A7E7AC231905930062299E /* Main.storyboard */,
				67A7E7AF231905970062299E /* Assets.xcassets */,
				67A7E7B1231905970062299E /* LaunchScreen.storyboard */,
				67A7E7B4231905970062299E /* Info.plist */,
				67A7E7B5231905970062299E /* main.m */,
			);
			path = TDDDemo;
			sourceTree = "<group>";
		};
		67A7E7BE231905970062299E /* TDDDemoTests */ = {
			isa = PBXGroup;
			children = (
				67A7E7BF231905970062299E /* TDDDemoTests.m */,
				67A7E7C1231905970062299E /* Info.plist */,
				67A7E7DC231914220062299E /* VVStackTests.m */,
			);
			path = TDDDemoTests;
			sourceTree = "<group>";
		};
		67A7E7C9231905970062299E /* TDDDemoUITests */ = {
			isa = PBXGroup;
			children = (
				67A7E7CA231905970062299E /* TDDDemoUITests.m */,
				67A7E7CC231905970062299E /* Info.plist */,
			);
			path = TDDDemoUITests;
			sourceTree = "<group>";
		};
		67A7E7D8231908690062299E /* Model */ = {
			isa = PBXGroup;
			children = (
				67A7E7D9231908760062299E /* VVStack.h */,
				67A7E7DA231908760062299E /* VVStack.m */,
			);
			path = Model;
			sourceTree = "<group>";
		};
		A9CCB699BB42D8FE53A3498C /* Frameworks */ = {
			isa = PBXGroup;
			children = (
				9B51780653468E8BA6D1E896 /* Pods_TDDDemo.framework */,
				69C07EA96EAE018BCE7DA94D /* Pods_TDDDemoTests.framework */,
				36356551A6E30C3BB97202B9 /* Pods_TDDDemoUITests.framework */,
			);
			name = Frameworks;
			sourceTree = "<group>";
		};
		EFC2A77CC3AF5E3E33CABE5F /* Pods */ = {
			isa = PBXGroup;
			children = (
				8AFA6E0E26485C98F20F270E /* Pods-TDDDemo.debug.xcconfig */,
				71633E1A5EF80AF3ABACBA39 /* Pods-TDDDemo.release.xcconfig */,
				1FA952832E2855D155885B7A /* Pods-TDDDemoTests.debug.xcconfig */,
				3DE938AE7085E9DA2ABDA1AC /* Pods-TDDDemoTests.release.xcconfig */,
				E9C1B451870F436D49E066F2 /* Pods-TDDDemoUITests.debug.xcconfig */,
				1C3AD8150F6C85727686593F /* Pods-TDDDemoUITests.release.xcconfig */,
			);
			path = Pods;
			sourceTree = "<group>";
		};
/* End PBXGroup section */

/* Begin PBXNativeTarget section */
		67A7E7A2231905930062299E /* TDDDemo */ = {
			isa = PBXNativeTarget;
			buildConfigurationList = 67A7E7CF231905970062299E /* Build configuration list for PBXNativeTarget "TDDDemo" */;
			buildPhases = (
				EFA8B649E71DCEF1212FB2B7 /* [CP] Check Pods Manifest.lock */,
				67A7E79F231905930062299E /* Sources */,
				67A7E7A0231905930062299E /* Frameworks */,
				67A7E7A1231905930062299E /* Resources */,
			);
			buildRules = (
			);
			dependencies = (
			);
			name = TDDDemo;
			productName = TDDDemo;
			productReference = 67A7E7A3231905930062299E /* TDDDemo.app */;
			productType = "com.apple.product-type.application";
		};
		67A7E7BA231905970062299E /* TDDDemoTests */ = {
			isa = PBXNativeTarget;
			buildConfigurationList = 67A7E7D2231905970062299E /* Build configuration list for PBXNativeTarget "TDDDemoTests" */;
			buildPhases = (
				AD6CA15EF384B5B1A5A74C0F /* [CP] Check Pods Manifest.lock */,
				67A7E7B7231905970062299E /* Sources */,
				67A7E7B8231905970062299E /* Frameworks */,
				67A7E7B9231905970062299E /* Resources */,
				46801883A7D24AC7F3E63F00 /* [CP] Embed Pods Frameworks */,
			);
			buildRules = (
			);
			dependencies = (
				67A7E7BD231905970062299E /* PBXTargetDependency */,
			);
			name = TDDDemoTests;
			productName = TDDDemoTests;
			productReference = 67A7E7BB231905970062299E /* TDDDemoTests.xctest */;
			productType = "com.apple.product-type.bundle.unit-test";
		};
		67A7E7C5231905970062299E /* TDDDemoUITests */ = {
			isa = PBXNativeTarget;
			buildConfigurationList = 67A7E7D5231905970062299E /* Build configuration list for PBXNativeTarget "TDDDemoUITests" */;
			buildPhases = (
				0C42A89BED29E2C76944F42B /* [CP] Check Pods Manifest.lock */,
				67A7E7C2231905970062299E /* Sources */,
				67A7E7C3231905970062299E /* Frameworks */,
				67A7E7C4231905970062299E /* Resources */,
			);
			buildRules = (
			);
			dependencies = (
				67A7E7C8231905970062299E /* PBXTargetDependency */,
			);
			name = TDDDemoUITests;
			productName = TDDDemoUITests;
			productReference = 67A7E7C6231905970062299E /* TDDDemoUITests.xctest */;
			productType = "com.apple.product-type.bundle.ui-testing";
		};
/* End PBXNativeTarget section */

/* Begin PBXProject section */
		67A7E79B231905930062299E /* Project object */ = {
			isa = PBXProject;
			attributes = {
				LastUpgradeCheck = 1030;
				ORGANIZATIONNAME = woop;
				TargetAttributes = {
					67A7E7A2231905930062299E = {
						CreatedOnToolsVersion = 10.3;
					};
					67A7E7BA231905970062299E = {
						CreatedOnToolsVersion = 10.3;
						TestTargetID = 67A7E7A2231905930062299E;
					};
					67A7E7C5231905970062299E = {
						CreatedOnToolsVersion = 10.3;
						TestTargetID = 67A7E7A2231905930062299E;
					};
				};
			};
			buildConfigurationList = 67A7E79E231905930062299E /* Build configuration list for PBXProject "TDDDemo" */;
			compatibilityVersion = "Xcode 9.3";
			developmentRegion = en;
			hasScannedForEncodings = 0;
			knownRegions = (
				en,
				Base,
			);
			mainGroup = 67A7E79A231905930062299E;
			productRefGroup = 67A7E7A4231905930062299E /* Products */;
			projectDirPath = "";
			projectRoot = "";
			targets = (
				67A7E7A2231905930062299E /* TDDDemo */,
				67A7E7BA231905970062299E /* TDDDemoTests */,
				67A7E7C5231905970062299E /* TDDDemoUITests */,
			);
		};
/* End PBXProject section */

/* Begin PBXResourcesBuildPhase section */
		67A7E7A1231905930062299E /* Resources */ = {
			isa = PBXResourcesBuildPhase;
			buildActionMask = 2147483647;
			files = (
				67A7E7B3231905970062299E /* LaunchScreen.storyboard in Resources */,
				67A7E7B0231905970062299E /* Assets.xcassets in Resources */,
				67A7E7AE231905930062299E /* Main.storyboard in Resources */,
			);
			runOnlyForDeploymentPostprocessing = 0;
		};
		67A7E7B9231905970062299E /* Resources */ = {
			isa = PBXResourcesBuildPhase;
			buildActionMask = 2147483647;
			files = (
			);
			runOnlyForDeploymentPostprocessing = 0;
		};
		67A7E7C4231905970062299E /* Resources */ = {
			isa = PBXResourcesBuildPhase;
			buildActionMask = 2147483647;
			files = (
			);
			runOnlyForDeploymentPostprocessing = 0;
		};
/* End PBXResourcesBuildPhase section */

/* Begin PBXShellScriptBuildPhase section */
		0C42A89BED29E2C76944F42B /* [CP] Check Pods Manifest.lock */ = {
			isa = PBXShellScriptBuildPhase;
			buildActionMask = 2147483647;
			files = (
			);
			inputFileListPaths = (
			);
			inputPaths = (
				"${PODS_PODFILE_DIR_PATH}/Podfile.lock",
				"${PODS_ROOT}/Manifest.lock",
			);
			name = "[CP] Check Pods Manifest.lock";
			outputFileListPaths = (
			);
			outputPaths = (
				"$(DERIVED_FILE_DIR)/Pods-TDDDemoUITests-checkManifestLockResult.txt",
			);
			runOnlyForDeploymentPostprocessing = 0;
			shellPath = /bin/sh;
			shellScript = "diff \"${PODS_PODFILE_DIR_PATH}/Podfile.lock\" \"${PODS_ROOT}/Manifest.lock\" > /dev/null\nif [ $? != 0 ] ; then\n    # print error to STDERR\n    echo \"error: The sandbox is not in sync with the Podfile.lock. Run 'pod install' or update your CocoaPods installation.\" >&2\n    exit 1\nfi\n# This output is used by Xcode 'outputs' to avoid re-running this script phase.\necho \"SUCCESS\" > \"${SCRIPT_OUTPUT_FILE_0}\"\n";
			showEnvVarsInLog = 0;
		};
		46801883A7D24AC7F3E63F00 /* [CP] Embed Pods Frameworks */ = {
			isa = PBXShellScriptBuildPhase;
			buildActionMask = 2147483647;
			files = (
			);
			inputFileListPaths = (
				"${PODS_ROOT}/Target Support Files/Pods-TDDDemoTests/Pods-TDDDemoTests-frameworks-${CONFIGURATION}-input-files.xcfilelist",
			);
			name = "[CP] Embed Pods Frameworks";
			outputFileListPaths = (
				"${PODS_ROOT}/Target Support Files/Pods-TDDDemoTests/Pods-TDDDemoTests-frameworks-${CONFIGURATION}-output-files.xcfilelist",
			);
			runOnlyForDeploymentPostprocessing = 0;
			shellPath = /bin/sh;
			shellScript = "\"${PODS_ROOT}/Target Support Files/Pods-TDDDemoTests/Pods-TDDDemoTests-frameworks.sh\"\n";
			showEnvVarsInLog = 0;
		};
		AD6CA15EF384B5B1A5A74C0F /* [CP] Check Pods Manifest.lock */ = {
			isa = PBXShellScriptBuildPhase;
			buildActionMask = 2147483647;
			files = (
			);
			inputFileListPaths = (
			);
			inputPaths = (
				"${PODS_PODFILE_DIR_PATH}/Podfile.lock",
				"${PODS_ROOT}/Manifest.lock",
			);
			name = "[CP] Check Pods Manifest.lock";
			outputFileListPaths = (
			);
			outputPaths = (
				"$(DERIVED_FILE_DIR)/Pods-TDDDemoTests-checkManifestLockResult.txt",
			);
			runOnlyForDeploymentPostprocessing = 0;
			shellPath = /bin/sh;
			shellScript = "diff \"${PODS_PODFILE_DIR_PATH}/Podfile.lock\" \"${PODS_ROOT}/Manifest.lock\" > /dev/null\nif [ $? != 0 ] ; then\n    # print error to STDERR\n    echo \"error: The sandbox is not in sync with the Podfile.lock. Run 'pod install' or update your CocoaPods installation.\" >&2\n    exit 1\nfi\n# This output is used by Xcode 'outputs' to avoid re-running this script phase.\necho \"SUCCESS\" > \"${SCRIPT_OUTPUT_FILE_0}\"\n";
			showEnvVarsInLog = 0;
		};
		EFA8B649E71DCEF1212FB2B7 /* [CP] Check Pods Manifest.lock */ = {
			isa = PBXShellScriptBuildPhase;
			buildActionMask = 2147483647;
			files = (
			);
			inputFileListPaths = (
			);
			inputPaths = (
				"${PODS_PODFILE_DIR_PATH}/Podfile.lock",
				"${PODS_ROOT}/Manifest.lock",
			);
			name = "[CP] Check Pods Manifest.lock";
			outputFileListPaths = (
			);
			outputPaths = (
				"$(DERIVED_FILE_DIR)/Pods-TDDDemo-checkManifestLockResult.txt",
			);
			runOnlyForDeploymentPostprocessing = 0;
			shellPath = /bin/sh;
			shellScript = "diff \"${PODS_PODFILE_DIR_PATH}/Podfile.lock\" \"${PODS_ROOT}/Manifest.lock\" > /dev/null\nif [ $? != 0 ] ; then\n    # print error to STDERR\n    echo \"error: The sandbox is not in sync with the Podfile.lock. Run 'pod install' or update your CocoaPods installation.\" >&2\n    exit 1\nfi\n# This output is used by Xcode 'outputs' to avoid re-running this script phase.\necho \"SUCCESS\" > \"${SCRIPT_OUTPUT_FILE_0}\"\n";
			showEnvVarsInLog = 0;
		};
/* End PBXShellScriptBuildPhase section */

/* Begin PBXSourcesBuildPhase section */
		67A7E79F231905930062299E /* Sources */ = {
			isa = PBXSourcesBuildPhase;
			buildActionMask = 2147483647;
			files = (
				67A7E7AB231905930062299E /* ViewController.m in Sources */,
				67A7E7B6231905970062299E /* main.m in Sources */,
				67A7E7DB231908760062299E /* VVStack.m in Sources */,
				67A7E7A8231905930062299E /* AppDelegate.m in Sources */,
			);
			runOnlyForDeploymentPostprocessing = 0;
		};
		67A7E7B7231905970062299E /* Sources */ = {
			isa = PBXSourcesBuildPhase;
			buildActionMask = 2147483647;
			files = (
				67A7E7DD231914220062299E /* VVStackTests.m in Sources */,
				67A7E7C0231905970062299E /* TDDDemoTests.m in Sources */,
			);
			runOnlyForDeploymentPostprocessing = 0;
		};
		67A7E7C2231905970062299E /* Sources */ = {
			isa = PBXSourcesBuildPhase;
			buildActionMask = 2147483647;
			files = (
				67A7E7CB231905970062299E /* TDDDemoUITests.m in Sources */,
			);
			runOnlyForDeploymentPostprocessing = 0;
		};
/* End PBXSourcesBuildPhase section */

/* Begin PBXTargetDependency section */
		67A7E7BD231905970062299E /* PBXTargetDependency */ = {
			isa = PBXTargetDependency;
			target = 67A7E7A2231905930062299E /* TDDDemo */;
			targetProxy = 67A7E7BC231905970062299E /* PBXContainerItemProxy */;
		};
		67A7E7C8231905970062299E /* PBXTargetDependency */ = {
			isa = PBXTargetDependency;
			target = 67A7E7A2231905930062299E /* TDDDemo */;
			targetProxy = 67A7E7C7231905970062299E /* PBXContainerItemProxy */;
		};
/* End PBXTargetDependency section */

/* Begin PBXVariantGroup section */
		67A7E7AC231905930062299E /* Main.storyboard */ = {
			isa = PBXVariantGroup;
			children = (
				67A7E7AD231905930062299E /* Base */,
			);
			name = Main.storyboard;
			sourceTree = "<group>";
		};
		67A7E7B1231905970062299E /* LaunchScreen.storyboard */ = {
			isa = PBXVariantGroup;
			children = (
				67A7E7B2231905970062299E /* Base */,
			);
			name = LaunchScreen.storyboard;
			sourceTree = "<group>";
		};
/* End PBXVariantGroup section */

/* Begin XCBuildConfiguration section */
		67A7E7CD231905970062299E /* Debug */ = {
			isa = XCBuildConfiguration;
			buildSettings = {
				ALWAYS_SEARCH_USER_PATHS = NO;
				CLANG_ANALYZER_NONNULL = YES;
				CLANG_ANALYZER_NUMBER_OBJECT_CONVERSION = YES_AGGRESSIVE;
				CLANG_CXX_LANGUAGE_STANDARD = "gnu++14";
				CLANG_CXX_LIBRARY = "libc++";
				CLANG_ENABLE_MODULES = YES;
				CLANG_ENABLE_OBJC_ARC = YES;
				CLANG_ENABLE_OBJC_WEAK = YES;
				CLANG_WARN_BLOCK_CAPTURE_AUTORELEASING = YES;
				CLANG_WARN_BOOL_CONVERSION = YES;
				CLANG_WARN_COMMA = YES;
				CLANG_WARN_CONSTANT_CONVERSION = YES;
				CLANG_WARN_DEPRECATED_OBJC_IMPLEMENTATIONS = YES;
				CLANG_WARN_DIRECT_OBJC_ISA_USAGE = YES_ERROR;
				CLANG_WARN_DOCUMENTATION_COMMENTS = YES;
				CLANG_WARN_EMPTY_BODY = YES;
				CLANG_WARN_ENUM_CONVERSION = YES;
				CLANG_WARN_INFINITE_RECURSION = YES;
				CLANG_WARN_INT_CONVERSION = YES;
				CLANG_WARN_NON_LITERAL_NULL_CONVERSION = YES;
				CLANG_WARN_OBJC_IMPLICIT_RETAIN_SELF = YES;
				CLANG_WARN_OBJC_LITERAL_CONVERSION = YES;
				CLANG_WARN_OBJC_ROOT_CLASS = YES_ERROR;
				CLANG_WARN_RANGE_LOOP_ANALYSIS = YES;
				CLANG_WARN_STRICT_PROTOTYPES = YES;
				CLANG_WARN_SUSPICIOUS_MOVE = YES;
				CLANG_WARN_UNGUARDED_AVAILABILITY = YES_AGGRESSIVE;
				CLANG_WARN_UNREACHABLE_CODE = YES;
				CLANG_WARN__DUPLICATE_METHOD_MATCH = YES;
				CODE_SIGN_IDENTITY = "iPhone Developer";
				COPY_PHASE_STRIP = NO;
				DEBUG_INFORMATION_FORMAT = dwarf;
				ENABLE_STRICT_OBJC_MSGSEND = YES;
				ENABLE_TESTABILITY = YES;
				GCC_C_LANGUAGE_STANDARD = gnu11;
				GCC_DYNAMIC_NO_PIC = NO;
				GCC_NO_COMMON_BLOCKS = YES;
				GCC_OPTIMIZATION_LEVEL = 0;
				GCC_PREPROCESSOR_DEFINITIONS = (
					"DEBUG=1",
					"$(inherited)",
				);
				GCC_WARN_64_TO_32_BIT_CONVERSION = YES;
				GCC_WARN_ABOUT_RETURN_TYPE = YES_ERROR;
				GCC_WARN_UNDECLARED_SELECTOR = YES;
				GCC_WARN_UNINITIALIZED_AUTOS = YES_AGGRESSIVE;
				GCC_WARN_UNUSED_FUNCTION = YES;
				GCC_WARN_UNUSED_VARIABLE = YES;
				IPHONEOS_DEPLOYMENT_TARGET = 12.4;
				MTL_ENABLE_DEBUG_INFO = INCLUDE_SOURCE;
				MTL_FAST_MATH = YES;
				ONLY_ACTIVE_ARCH = YES;
				SDKROOT = iphoneos;
			};
			name = Debug;
		};
		67A7E7CE231905970062299E /* Release */ = {
			isa = XCBuildConfiguration;
			buildSettings = {
				ALWAYS_SEARCH_USER_PATHS = NO;
				CLANG_ANALYZER_NONNULL = YES;
				CLANG_ANALYZER_NUMBER_OBJECT_CONVERSION = YES_AGGRESSIVE;
				CLANG_CXX_LANGUAGE_STANDARD = "gnu++14";
				CLANG_CXX_LIBRARY = "libc++";
				CLANG_ENABLE_MODULES = YES;
				CLANG_ENABLE_OBJC_ARC = YES;
				CLANG_ENABLE_OBJC_WEAK = YES;
				CLANG_WARN_BLOCK_CAPTURE_AUTORELEASING = YES;
				CLANG_WARN_BOOL_CONVERSION = YES;
				CLANG_WARN_COMMA = YES;
				CLANG_WARN_CONSTANT_CONVERSION = YES;
				CLANG_WARN_DEPRECATED_OBJC_IMPLEMENTATIONS = YES;
				CLANG_WARN_DIRECT_OBJC_ISA_USAGE = YES_ERROR;
				CLANG_WARN_DOCUMENTATION_COMMENTS = YES;
				CLANG_WARN_EMPTY_BODY = YES;
				CLANG_WARN_ENUM_CONVERSION = YES;
				CLANG_WARN_INFINITE_RECURSION = YES;
				CLANG_WARN_INT_CONVERSION = YES;
				CLANG_WARN_NON_LITERAL_NULL_CONVERSION = YES;
				CLANG_WARN_OBJC_IMPLICIT_RETAIN_SELF = YES;
				CLANG_WARN_OBJC_LITERAL_CONVERSION = YES;
				CLANG_WARN_OBJC_ROOT_CLASS = YES_ERROR;
				CLANG_WARN_RANGE_LOOP_ANALYSIS = YES;
				CLANG_WARN_STRICT_PROTOTYPES = YES;
				CLANG_WARN_SUSPICIOUS_MOVE = YES;
				CLANG_WARN_UNGUARDED_AVAILABILITY = YES_AGGRESSIVE;
				CLANG_WARN_UNREACHABLE_CODE = YES;
				CLANG_WARN__DUPLICATE_METHOD_MATCH = YES;
				CODE_SIGN_IDENTITY = "iPhone Developer";
				COPY_PHASE_STRIP = NO;
				DEBUG_INFORMATION_FORMAT = "dwarf-with-dsym";
				ENABLE_NS_ASSERTIONS = NO;
				ENABLE_STRICT_OBJC_MSGSEND = YES;
				GCC_C_LANGUAGE_STANDARD = gnu11;
				GCC_NO_COMMON_BLOCKS = YES;
				GCC_WARN_64_TO_32_BIT_CONVERSION = YES;
				GCC_WARN_ABOUT_RETURN_TYPE = YES_ERROR;
				GCC_WARN_UNDECLARED_SELECTOR = YES;
				GCC_WARN_UNINITIALIZED_AUTOS = YES_AGGRESSIVE;
				GCC_WARN_UNUSED_FUNCTION = YES;
				GCC_WARN_UNUSED_VARIABLE = YES;
				IPHONEOS_DEPLOYMENT_TARGET = 12.4;
				MTL_ENABLE_DEBUG_INFO = NO;
				MTL_FAST_MATH = YES;
				SDKROOT = iphoneos;
				VALIDATE_PRODUCT = YES;
			};
			name = Release;
		};
		67A7E7D0231905970062299E /* Debug */ = {
			isa = XCBuildConfiguration;
			baseConfigurationReference = 8AFA6E0E26485C98F20F270E /* Pods-TDDDemo.debug.xcconfig */;
			buildSettings = {
				ASSETCATALOG_COMPILER_APPICON_NAME = AppIcon;
				CODE_SIGN_STYLE = Automatic;
				INFOPLIST_FILE = TDDDemo/Info.plist;
				LD_RUNPATH_SEARCH_PATHS = (
					"$(inherited)",
					"@executable_path/Frameworks",
				);
				PRODUCT_BUNDLE_IDENTIFIER = com.woop.TDDDemo;
				PRODUCT_NAME = "$(TARGET_NAME)";
				TARGETED_DEVICE_FAMILY = "1,2";
			};
			name = Debug;
		};
		67A7E7D1231905970062299E /* Release */ = {
			isa = XCBuildConfiguration;
			baseConfigurationReference = 71633E1A5EF80AF3ABACBA39 /* Pods-TDDDemo.release.xcconfig */;
			buildSettings = {
				ASSETCATALOG_COMPILER_APPICON_NAME = AppIcon;
				CODE_SIGN_STYLE = Automatic;
				INFOPLIST_FILE = TDDDemo/Info.plist;
				LD_RUNPATH_SEARCH_PATHS = (
					"$(inherited)",
					"@executable_path/Frameworks",
				);
				PRODUCT_BUNDLE_IDENTIFIER = com.woop.TDDDemo;
				PRODUCT_NAME = "$(TARGET_NAME)";
				TARGETED_DEVICE_FAMILY = "1,2";
			};
			name = Release;
		};
		67A7E7D3231905970062299E /* Debug */ = {
			isa = XCBuildConfiguration;
			baseConfigurationReference = 1FA952832E2855D155885B7A /* Pods-TDDDemoTests.debug.xcconfig */;
			buildSettings = {
				BUNDLE_LOADER = "$(TEST_HOST)";
				CODE_SIGN_STYLE = Automatic;
				INFOPLIST_FILE = TDDDemoTests/Info.plist;
				LD_RUNPATH_SEARCH_PATHS = (
					"$(inherited)",
					"@executable_path/Frameworks",
					"@loader_path/Frameworks",
				);
				PRODUCT_BUNDLE_IDENTIFIER = com.woop.TDDDemoTests;
				PRODUCT_NAME = "$(TARGET_NAME)";
				TARGETED_DEVICE_FAMILY = "1,2";
				TEST_HOST = "$(BUILT_PRODUCTS_DIR)/TDDDemo.app/TDDDemo";
			};
			name = Debug;
		};
		67A7E7D4231905970062299E /* Release */ = {
			isa = XCBuildConfiguration;
			baseConfigurationReference = 3DE938AE7085E9DA2ABDA1AC /* Pods-TDDDemoTests.release.xcconfig */;
			buildSettings = {
				BUNDLE_LOADER = "$(TEST_HOST)";
				CODE_SIGN_STYLE = Automatic;
				INFOPLIST_FILE = TDDDemoTests/Info.plist;
				LD_RUNPATH_SEARCH_PATHS = (
					"$(inherited)",
					"@executable_path/Frameworks",
					"@loader_path/Frameworks",
				);
				PRODUCT_BUNDLE_IDENTIFIER = com.woop.TDDDemoTests;
				PRODUCT_NAME = "$(TARGET_NAME)";
				TARGETED_DEVICE_FAMILY = "1,2";
				TEST_HOST = "$(BUILT_PRODUCTS_DIR)/TDDDemo.app/TDDDemo";
			};
			name = Release;
		};
		67A7E7D6231905970062299E /* Debug */ = {
			isa = XCBuildConfiguration;
			baseConfigurationReference = E9C1B451870F436D49E066F2 /* Pods-TDDDemoUITests.debug.xcconfig */;
			buildSettings = {
				CODE_SIGN_STYLE = Automatic;
				INFOPLIST_FILE = TDDDemoUITests/Info.plist;
				LD_RUNPATH_SEARCH_PATHS = (
					"$(inherited)",
					"@executable_path/Frameworks",
					"@loader_path/Frameworks",
				);
				PRODUCT_BUNDLE_IDENTIFIER = com.woop.TDDDemoUITests;
				PRODUCT_NAME = "$(TARGET_NAME)";
				TARGETED_DEVICE_FAMILY = "1,2";
				TEST_TARGET_NAME = TDDDemo;
			};
			name = Debug;
		};
		67A7E7D7231905970062299E /* Release */ = {
			isa = XCBuildConfiguration;
			baseConfigurationReference = 1C3AD8150F6C85727686593F /* Pods-TDDDemoUITests.release.xcconfig */;
			buildSettings = {
				CODE_SIGN_STYLE = Automatic;
				INFOPLIST_FILE = TDDDemoUITests/Info.plist;
				LD_RUNPATH_SEARCH_PATHS = (
					"$(inherited)",
					"@executable_path/Frameworks",
					"@loader_path/Frameworks",
				);
				PRODUCT_BUNDLE_IDENTIFIER = com.woop.TDDDemoUITests;
				PRODUCT_NAME = "$(TARGET_NAME)";
				TARGETED_DEVICE_FAMILY = "1,2";
				TEST_TARGET_NAME = TDDDemo;
			};
			name = Release;
		};
/* End XCBuildConfiguration section */

/* Begin XCConfigurationList section */
		67A7E79E231905930062299E /* Build configuration list for PBXProject "TDDDemo" */ = {
			isa = XCConfigurationList;
			buildConfigurations = (
				67A7E7CD231905970062299E /* Debug */,
				67A7E7CE231905970062299E /* Release */,
			);
			defaultConfigurationIsVisible = 0;
			defaultConfigurationName = Release;
		};
		67A7E7CF231905970062299E /* Build configuration list for PBXNativeTarget "TDDDemo" */ = {
			isa = XCConfigurationList;
			buildConfigurations = (
				67A7E7D0231905970062299E /* Debug */,
				67A7E7D1231905970062299E /* Release */,
			);
			defaultConfigurationIsVisible = 0;
			defaultConfigurationName = Release;
		};
		67A7E7D2231905970062299E /* Build configuration list for PBXNativeTarget "TDDDemoTests" */ = {
			isa = XCConfigurationList;
			buildConfigurations = (
				67A7E7D3231905970062299E /* Debug */,
				67A7E7D4231905970062299E /* Release */,
			);
			defaultConfigurationIsVisible = 0;
			defaultConfigurationName = Release;
		};
		67A7E7D5231905970062299E /* Build configuration list for PBXNativeTarget "TDDDemoUITests" */ = {
			isa = XCConfigurationList;
			buildConfigurations = (
				67A7E7D6231905970062299E /* Debug */,
				67A7E7D7231905970062299E /* Release */,
			);
			defaultConfigurationIsVisible = 0;
			defaultConfigurationName = Release;
		};
/* End XCConfigurationList section */
	};
	rootObject = 67A7E79B231905930062299E /* Project object */;
}
